// !$*UTF8*$!
{
	archiveVersion = 1;
	classes = {
	};
	objectVersion = 55;
	objects = {

/* Begin PBXBuildFile section */
		D0DB4745289D08E900AA5A92 /* AppDelegate.swift in Sources */ = {isa = PBXBuildFile; fileRef = D0DB4744289D08E900AA5A92 /* AppDelegate.swift */; };
		D0DB4747289D08E900AA5A92 /* SceneDelegate.swift in Sources */ = {isa = PBXBuildFile; fileRef = D0DB4746289D08E900AA5A92 /* SceneDelegate.swift */; };
		D0DB4749289D08E900AA5A92 /* MovieViewController.swift in Sources */ = {isa = PBXBuildFile; fileRef = D0DB4748289D08E900AA5A92 /* MovieViewController.swift */; };
		D0DB474E289D08EA00AA5A92 /* Assets.xcassets in Resources */ = {isa = PBXBuildFile; fileRef = D0DB474D289D08EA00AA5A92 /* Assets.xcassets */; };
		D0DB4782289D1D7100AA5A92 /* Kingfisher in Frameworks */ = {isa = PBXBuildFile; productRef = D0DB4781289D1D7100AA5A92 /* Kingfisher */; };
		D0DB4785289D1D8100AA5A92 /* SnapKit in Frameworks */ = {isa = PBXBuildFile; productRef = D0DB4784289D1D8100AA5A92 /* SnapKit */; };
/* End PBXBuildFile section */

/* Begin PBXFileReference section */
		D0DB4741289D08E900AA5A92 /* InvioMovieApp.app */ = {isa = PBXFileReference; explicitFileType = wrapper.application; includeInIndex = 0; path = InvioMovieApp.app; sourceTree = BUILT_PRODUCTS_DIR; };
		D0DB4744289D08E900AA5A92 /* AppDelegate.swift */ = {isa = PBXFileReference; lastKnownFileType = sourcecode.swift; path = AppDelegate.swift; sourceTree = "<group>"; };
		D0DB4746289D08E900AA5A92 /* SceneDelegate.swift */ = {isa = PBXFileReference; lastKnownFileType = sourcecode.swift; path = SceneDelegate.swift; sourceTree = "<group>"; };
		D0DB4748289D08E900AA5A92 /* MovieViewController.swift */ = {isa = PBXFileReference; lastKnownFileType = sourcecode.swift; path = MovieViewController.swift; sourceTree = "<group>"; };
		D0DB474D289D08EA00AA5A92 /* Assets.xcassets */ = {isa = PBXFileReference; lastKnownFileType = folder.assetcatalog; path = Assets.xcassets; sourceTree = "<group>"; };
		D0DB4752289D08EA00AA5A92 /* Info.plist */ = {isa = PBXFileReference; lastKnownFileType = text.plist.xml; path = Info.plist; sourceTree = "<group>"; };
/* End PBXFileReference section */

/* Begin PBXFrameworksBuildPhase section */
		D0DB473E289D08E900AA5A92 /* Frameworks */ = {
			isa = PBXFrameworksBuildPhase;
			buildActionMask = 2147483647;
			files = (
				D0DB4782289D1D7100AA5A92 /* Kingfisher in Frameworks */,
				D0DB4785289D1D8100AA5A92 /* SnapKit in Frameworks */,
			);
			runOnlyForDeploymentPostprocessing = 0;
		};
/* End PBXFrameworksBuildPhase section */

/* Begin PBXGroup section */
		D0DB4738289D08E900AA5A92 = {
			isa = PBXGroup;
			children = (
				D0DB4743289D08E900AA5A92 /* InvioMovieApp */,
				D0DB4742289D08E900AA5A92 /* Products */,
			);
			sourceTree = "<group>";
		};
		D0DB4742289D08E900AA5A92 /* Products */ = {
			isa = PBXGroup;
			children = (
				D0DB4741289D08E900AA5A92 /* InvioMovieApp.app */,
			);
			name = Products;
			sourceTree = "<group>";
		};
		D0DB4743289D08E900AA5A92 /* InvioMovieApp */ = {
			isa = PBXGroup;
			children = (
				D0DB4758289D0ABF00AA5A92 /* App */,
				D0DB475A289D0AD300AA5A92 /* Model */,
				D0DB475B289D0AED00AA5A92 /* Resources */,
				D0DB475C289D0AF800AA5A92 /* Scenes */,
				D0DB475D289D0AFE00AA5A92 /* Services */,
				D0DB475E289D0B0E00AA5A92 /* Utilities */,
			);
			path = InvioMovieApp;
			sourceTree = "<group>";
		};
		D0DB4758289D0ABF00AA5A92 /* App */ = {
			isa = PBXGroup;
			children = (
				D0DB4744289D08E900AA5A92 /* AppDelegate.swift */,
				D0DB4746289D08E900AA5A92 /* SceneDelegate.swift */,
			);
			path = App;
			sourceTree = "<group>";
		};
		D0DB475A289D0AD300AA5A92 /* Model */ = {
			isa = PBXGroup;
			children = (
			);
			path = Model;
			sourceTree = "<group>";
		};
		D0DB475B289D0AED00AA5A92 /* Resources */ = {
			isa = PBXGroup;
			children = (
				D0DB474D289D08EA00AA5A92 /* Assets.xcassets */,
				D0DB4752289D08EA00AA5A92 /* Info.plist */,
			);
			path = Resources;
			sourceTree = "<group>";
		};
		D0DB475C289D0AF800AA5A92 /* Scenes */ = {
			isa = PBXGroup;
			children = (
				D0DB4787289D22EA00AA5A92 /* MovieDetailView */,
				D0DB4786289D22C000AA5A92 /* MovieView */,
				D0DB4748289D08E900AA5A92 /* MovieViewController.swift */,
			);
			path = Scenes;
			sourceTree = "<group>";
		};
		D0DB475D289D0AFE00AA5A92 /* Services */ = {
			isa = PBXGroup;
			children = (
			);
			path = Services;
			sourceTree = "<group>";
		};
		D0DB475E289D0B0E00AA5A92 /* Utilities */ = {
			isa = PBXGroup;
			children = (
			);
			path = Utilities;
			sourceTree = "<group>";
		};
		D0DB4786289D22C000AA5A92 /* MovieView */ = {
			isa = PBXGroup;
			children = (
			);
			path = MovieView;
			sourceTree = "<group>";
		};
		D0DB4787289D22EA00AA5A92 /* MovieDetailView */ = {
			isa = PBXGroup;
			children = (
			);
			path = MovieDetailView;
			sourceTree = "<group>";
		};
/* End PBXGroup section */

/* Begin PBXNativeTarget section */
		D0DB4740289D08E900AA5A92 /* InvioMovieApp */ = {
			isa = PBXNativeTarget;
			buildConfigurationList = D0DB4755289D08EA00AA5A92 /* Build configuration list for PBXNativeTarget "InvioMovieApp" */;
			buildPhases = (
				D0DB473D289D08E900AA5A92 /* Sources */,
				D0DB473E289D08E900AA5A92 /* Frameworks */,
				D0DB473F289D08E900AA5A92 /* Resources */,
				D0DB475F289D17F300AA5A92 /* ShellScript */,
			);
			buildRules = (
			);
			dependencies = (
			);
			name = InvioMovieApp;
			packageProductDependencies = (
				D0DB4781289D1D7100AA5A92 /* Kingfisher */,
				D0DB4784289D1D8100AA5A92 /* SnapKit */,
			);
			productName = InvioMovieApp;
			productReference = D0DB4741289D08E900AA5A92 /* InvioMovieApp.app */;
			productType = "com.apple.product-type.application";
		};
/* End PBXNativeTarget section */

/* Begin PBXProject section */
		D0DB4739289D08E900AA5A92 /* Project object */ = {
			isa = PBXProject;
			attributes = {
				BuildIndependentTargetsInParallel = 1;
				LastSwiftUpdateCheck = 1340;
				LastUpgradeCheck = 1340;
				TargetAttributes = {
					D0DB4740289D08E900AA5A92 = {
						CreatedOnToolsVersion = 13.4;
					};
				};
			};
			buildConfigurationList = D0DB473C289D08E900AA5A92 /* Build configuration list for PBXProject "InvioMovieApp" */;
			compatibilityVersion = "Xcode 13.0";
			developmentRegion = en;
			hasScannedForEncodings = 0;
			knownRegions = (
				en,
				Base,
			);
			mainGroup = D0DB4738289D08E900AA5A92;
			packageReferences = (
				D0DB4780289D1D7100AA5A92 /* XCRemoteSwiftPackageReference "Kingfisher" */,
				D0DB4783289D1D8100AA5A92 /* XCRemoteSwiftPackageReference "SnapKit" */,
			);
			productRefGroup = D0DB4742289D08E900AA5A92 /* Products */;
			projectDirPath = "";
			projectRoot = "";
			targets = (
				D0DB4740289D08E900AA5A92 /* InvioMovieApp */,
			);
		};
/* End PBXProject section */

/* Begin PBXResourcesBuildPhase section */
		D0DB473F289D08E900AA5A92 /* Resources */ = {
			isa = PBXResourcesBuildPhase;
			buildActionMask = 2147483647;
			files = (
				D0DB474E289D08EA00AA5A92 /* Assets.xcassets in Resources */,
			);
			runOnlyForDeploymentPostprocessing = 0;
		};
/* End PBXResourcesBuildPhase section */

/* Begin PBXShellScriptBuildPhase section */
		D0DB475F289D17F300AA5A92 /* ShellScript */ = {
			isa = PBXShellScriptBuildPhase;
			buildActionMask = 2147483647;
			files = (
			);
			inputFileListPaths = (
			);
			inputPaths = (
			);
			outputFileListPaths = (
			);
			outputPaths = (
			);
			runOnlyForDeploymentPostprocessing = 0;
			shellPath = /bin/sh;
			shellScript = "export PATH=\"$PATH:/opt/homebrew/bin\"\nif which swiftlint > /dev/null; then\n  swiftlint\nelse\n  echo \"warning: SwiftLint not installed, download from https://github.com/realm/SwiftLint\"\nfi\n";
		};
/* End PBXShellScriptBuildPhase section */

/* Begin PBXSourcesBuildPhase section */
		D0DB473D289D08E900AA5A92 /* Sources */ = {
			isa = PBXSourcesBuildPhase;
			buildActionMask = 2147483647;
			files = (
				D0DB4749289D08E900AA5A92 /* MovieViewController.swift in Sources */,
				D0DB4745289D08E900AA5A92 /* AppDelegate.swift in Sources */,
				D0DB4747289D08E900AA5A92 /* SceneDelegate.swift in Sources */,
			);
			runOnlyForDeploymentPostprocessing = 0;
		};
/* End PBXSourcesBuildPhase section */

/* Begin XCBuildConfiguration section */
		D0DB4753289D08EA00AA5A92 /* Debug */ = {
			isa = XCBuildConfiguration;
			buildSettings = {
				ALWAYS_SEARCH_USER_PATHS = NO;
				CLANG_ANALYZER_NONNULL = YES;
				CLANG_ANALYZER_NUMBER_OBJECT_CONVERSION = YES_AGGRESSIVE;
				CLANG_CXX_LANGUAGE_STANDARD = "gnu++17";
				CLANG_ENABLE_MODULES = YES;
				CLANG_ENABLE_OBJC_ARC = YES;
				CLANG_ENABLE_OBJC_WEAK = YES;
				CLANG_WARN_BLOCK_CAPTURE_AUTORELEASING = YES;
				CLANG_WARN_BOOL_CONVERSION = YES;
				CLANG_WARN_COMMA = YES;
				CLANG_WARN_CONSTANT_CONVERSION = YES;
				CLANG_WARN_DEPRECATED_OBJC_IMPLEMENTATIONS = YES;
				CLANG_WARN_DIRECT_OBJC_ISA_USAGE = YES_ERROR;
				CLANG_WARN_DOCUMENTATION_COMMENTS = YES;
				CLANG_WARN_EMPTY_BODY = YES;
				CLANG_WARN_ENUM_CONVERSION = YES;
				CLANG_WARN_INFINITE_RECURSION = YES;
				CLANG_WARN_INT_CONVERSION = YES;
				CLANG_WARN_NON_LITERAL_NULL_CONVERSION = YES;
				CLANG_WARN_OBJC_IMPLICIT_RETAIN_SELF = YES;
				CLANG_WARN_OBJC_LITERAL_CONVERSION = YES;
				CLANG_WARN_OBJC_ROOT_CLASS = YES_ERROR;
				CLANG_WARN_QUOTED_INCLUDE_IN_FRAMEWORK_HEADER = YES;
				CLANG_WARN_RANGE_LOOP_ANALYSIS = YES;
				CLANG_WARN_STRICT_PROTOTYPES = YES;
				CLANG_WARN_SUSPICIOUS_MOVE = YES;
				CLANG_WARN_UNGUARDED_AVAILABILITY = YES_AGGRESSIVE;
				CLANG_WARN_UNREACHABLE_CODE = YES;
				CLANG_WARN__DUPLICATE_METHOD_MATCH = YES;
				COPY_PHASE_STRIP = NO;
				DEBUG_INFORMATION_FORMAT = dwarf;
				ENABLE_STRICT_OBJC_MSGSEND = YES;
				ENABLE_TESTABILITY = YES;
				GCC_C_LANGUAGE_STANDARD = gnu11;
				GCC_DYNAMIC_NO_PIC = NO;
				GCC_NO_COMMON_BLOCKS = YES;
				GCC_OPTIMIZATION_LEVEL = 0;
				GCC_PREPROCESSOR_DEFINITIONS = (
					"DEBUG=1",
					"$(inherited)",
				);
				GCC_WARN_64_TO_32_BIT_CONVERSION = YES;
				GCC_WARN_ABOUT_RETURN_TYPE = YES_ERROR;
				GCC_WARN_UNDECLARED_SELECTOR = YES;
				GCC_WARN_UNINITIALIZED_AUTOS = YES_AGGRESSIVE;
				GCC_WARN_UNUSED_FUNCTION = YES;
				GCC_WARN_UNUSED_VARIABLE = YES;
				IPHONEOS_DEPLOYMENT_TARGET = 15.5;
				MTL_ENABLE_DEBUG_INFO = INCLUDE_SOURCE;
				MTL_FAST_MATH = YES;
				ONLY_ACTIVE_ARCH = YES;
				SDKROOT = iphoneos;
				SWIFT_ACTIVE_COMPILATION_CONDITIONS = DEBUG;
				SWIFT_OPTIMIZATION_LEVEL = "-Onone";
			};
			name = Debug;
		};
		D0DB4754289D08EA00AA5A92 /* Release */ = {
			isa = XCBuildConfiguration;
			buildSettings = {
				ALWAYS_SEARCH_USER_PATHS = NO;
				CLANG_ANALYZER_NONNULL = YES;
				CLANG_ANALYZER_NUMBER_OBJECT_CONVERSION = YES_AGGRESSIVE;
				CLANG_CXX_LANGUAGE_STANDARD = "gnu++17";
				CLANG_ENABLE_MODULES = YES;
				CLANG_ENABLE_OBJC_ARC = YES;
				CLANG_ENABLE_OBJC_WEAK = YES;
				CLANG_WARN_BLOCK_CAPTURE_AUTORELEASING = YES;
				CLANG_WARN_BOOL_CONVERSION = YES;
				CLANG_WARN_COMMA = YES;
				CLANG_WARN_CONSTANT_CONVERSION = YES;
				CLANG_WARN_DEPRECATED_OBJC_IMPLEMENTATIONS = YES;
				CLANG_WARN_DIRECT_OBJC_ISA_USAGE = YES_ERROR;
				CLANG_WARN_DOCUMENTATION_COMMENTS = YES;
				CLANG_WARN_EMPTY_BODY = YES;
				CLANG_WARN_ENUM_CONVERSION = YES;
				CLANG_WARN_INFINITE_RECURSION = YES;
				CLANG_WARN_INT_CONVERSION = YES;
				CLANG_WARN_NON_LITERAL_NULL_CONVERSION = YES;
				CLANG_WARN_OBJC_IMPLICIT_RETAIN_SELF = YES;
				CLANG_WARN_OBJC_LITERAL_CONVERSION = YES;
				CLANG_WARN_OBJC_ROOT_CLASS = YES_ERROR;
				CLANG_WARN_QUOTED_INCLUDE_IN_FRAMEWORK_HEADER = YES;
				CLANG_WARN_RANGE_LOOP_ANALYSIS = YES;
				CLANG_WARN_STRICT_PROTOTYPES = YES;
				CLANG_WARN_SUSPICIOUS_MOVE = YES;
				CLANG_WARN_UNGUARDED_AVAILABILITY = YES_AGGRESSIVE;
				CLANG_WARN_UNREACHABLE_CODE = YES;
				CLANG_WARN__DUPLICATE_METHOD_MATCH = YES;
				COPY_PHASE_STRIP = NO;
				DEBUG_INFORMATION_FORMAT = "dwarf-with-dsym";
				ENABLE_NS_ASSERTIONS = NO;
				ENABLE_STRICT_OBJC_MSGSEND = YES;
				GCC_C_LANGUAGE_STANDARD = gnu11;
				GCC_NO_COMMON_BLOCKS = YES;
				GCC_WARN_64_TO_32_BIT_CONVERSION = YES;
				GCC_WARN_ABOUT_RETURN_TYPE = YES_ERROR;
				GCC_WARN_UNDECLARED_SELECTOR = YES;
				GCC_WARN_UNINITIALIZED_AUTOS = YES_AGGRESSIVE;
				GCC_WARN_UNUSED_FUNCTION = YES;
				GCC_WARN_UNUSED_VARIABLE = YES;
				IPHONEOS_DEPLOYMENT_TARGET = 15.5;
				MTL_ENABLE_DEBUG_INFO = NO;
				MTL_FAST_MATH = YES;
				SDKROOT = iphoneos;
				SWIFT_COMPILATION_MODE = wholemodule;
				SWIFT_OPTIMIZATION_LEVEL = "-O";
				VALIDATE_PRODUCT = YES;
			};
			name = Release;
		};
		D0DB4756289D08EA00AA5A92 /* Debug */ = {
			isa = XCBuildConfiguration;
			buildSettings = {
				ASSETCATALOG_COMPILER_APPICON_NAME = AppIcon;
				ASSETCATALOG_COMPILER_GLOBAL_ACCENT_COLOR_NAME = AccentColor;
				CODE_SIGN_STYLE = Automatic;
				CURRENT_PROJECT_VERSION = 1;
				DEVELOPMENT_TEAM = HJMW5QNUJY;
				GENERATE_INFOPLIST_FILE = YES;
				INFOPLIST_FILE = InvioMovieApp/Resources/Info.plist;
				INFOPLIST_KEY_CFBundleDisplayName = MovieApp;
				INFOPLIST_KEY_UIApplicationSupportsIndirectInputEvents = YES;
				INFOPLIST_KEY_UILaunchStoryboardName = MovieViewController;
				INFOPLIST_KEY_UISupportedInterfaceOrientations_iPad = "UIInterfaceOrientationPortrait UIInterfaceOrientationPortraitUpsideDown UIInterfaceOrientationLandscapeLeft UIInterfaceOrientationLandscapeRight";
				INFOPLIST_KEY_UISupportedInterfaceOrientations_iPhone = "UIInterfaceOrientationPortrait UIInterfaceOrientationLandscapeLeft UIInterfaceOrientationLandscapeRight";
				IPHONEOS_DEPLOYMENT_TARGET = 13.0;
				LD_RUNPATH_SEARCH_PATHS = (
					"$(inherited)",
					"@executable_path/Frameworks",
				);
				MARKETING_VERSION = 0.1.0;
				PRODUCT_BUNDLE_IDENTIFIER = com.InvioMovieApp;
				PRODUCT_NAME = "$(TARGET_NAME)";
				SWIFT_EMIT_LOC_STRINGS = YES;
				SWIFT_VERSION = 5.0;
				TARGETED_DEVICE_FAMILY = 1;
			};
			name = Debug;
		};
		D0DB4757289D08EA00AA5A92 /* Release */ = {
			isa = XCBuildConfiguration;
			buildSettings = {
				ASSETCATALOG_COMPILER_APPICON_NAME = AppIcon;
				ASSETCATALOG_COMPILER_GLOBAL_ACCENT_COLOR_NAME = AccentColor;
				CODE_SIGN_STYLE = Automatic;
				CURRENT_PROJECT_VERSION = 1;
				DEVELOPMENT_TEAM = HJMW5QNUJY;
				GENERATE_INFOPLIST_FILE = YES;
				INFOPLIST_FILE = InvioMovieApp/Resources/Info.plist;
				INFOPLIST_KEY_CFBundleDisplayName = MovieApp;
				INFOPLIST_KEY_UIApplicationSupportsIndirectInputEvents = YES;
				INFOPLIST_KEY_UILaunchStoryboardName = MovieViewController;
				INFOPLIST_KEY_UISupportedInterfaceOrientations_iPad = "UIInterfaceOrientationPortrait UIInterfaceOrientationPortraitUpsideDown UIInterfaceOrientationLandscapeLeft UIInterfaceOrientationLandscapeRight";
				INFOPLIST_KEY_UISupportedInterfaceOrientations_iPhone = "UIInterfaceOrientationPortrait UIInterfaceOrientationLandscapeLeft UIInterfaceOrientationLandscapeRight";
				IPHONEOS_DEPLOYMENT_TARGET = 13.0;
				LD_RUNPATH_SEARCH_PATHS = (
					"$(inherited)",
					"@executable_path/Frameworks",
				);
				MARKETING_VERSION = 0.1.0;
				PRODUCT_BUNDLE_IDENTIFIER = com.InvioMovieApp;
				PRODUCT_NAME = "$(TARGET_NAME)";
				SWIFT_EMIT_LOC_STRINGS = YES;
				SWIFT_VERSION = 5.0;
				TARGETED_DEVICE_FAMILY = 1;
			};
			name = Release;
		};
/* End XCBuildConfiguration section */

/* Begin XCConfigurationList section */
		D0DB473C289D08E900AA5A92 /* Build configuration list for PBXProject "InvioMovieApp" */ = {
			isa = XCConfigurationList;
			buildConfigurations = (
				D0DB4753289D08EA00AA5A92 /* Debug */,
				D0DB4754289D08EA00AA5A92 /* Release */,
			);
			defaultConfigurationIsVisible = 0;
			defaultConfigurationName = Release;
		};
		D0DB4755289D08EA00AA5A92 /* Build configuration list for PBXNativeTarget "InvioMovieApp" */ = {
			isa = XCConfigurationList;
			buildConfigurations = (
				D0DB4756289D08EA00AA5A92 /* Debug */,
				D0DB4757289D08EA00AA5A92 /* Release */,
			);
			defaultConfigurationIsVisible = 0;
			defaultConfigurationName = Release;
		};
/* End XCConfigurationList section */

/* Begin XCRemoteSwiftPackageReference section */
		D0DB4780289D1D7100AA5A92 /* XCRemoteSwiftPackageReference "Kingfisher" */ = {
			isa = XCRemoteSwiftPackageReference;
			repositoryURL = "https://github.com/onevcat/Kingfisher.git";
			requirement = {
				kind = upToNextMajorVersion;
				minimumVersion = 7.0.0;
			};
		};
		D0DB4783289D1D8100AA5A92 /* XCRemoteSwiftPackageReference "SnapKit" */ = {
			isa = XCRemoteSwiftPackageReference;
			repositoryURL = "https://github.com/SnapKit/SnapKit.git";
			requirement = {
				kind = upToNextMajorVersion;
				minimumVersion = 5.0.0;
			};
		};
/* End XCRemoteSwiftPackageReference section */

/* Begin XCSwiftPackageProductDependency section */
		D0DB4781289D1D7100AA5A92 /* Kingfisher */ = {
			isa = XCSwiftPackageProductDependency;
			package = D0DB4780289D1D7100AA5A92 /* XCRemoteSwiftPackageReference "Kingfisher" */;
			productName = Kingfisher;
		};
		D0DB4784289D1D8100AA5A92 /* SnapKit */ = {
			isa = XCSwiftPackageProductDependency;
			package = D0DB4783289D1D8100AA5A92 /* XCRemoteSwiftPackageReference "SnapKit" */;
			productName = SnapKit;
		};
/* End XCSwiftPackageProductDependency section */
	};
	rootObject = D0DB4739289D08E900AA5A92 /* Project object */;
}
